lockfileVersion: 5.4

specifiers:
  '@graphql-tools/schema': ^8.3.11
  graphql: 17.0.0-alpha.1

devDependencies:
  '@graphql-tools/schema': 8.3.11_graphql@17.0.0-alpha.1
  graphql: 17.0.0-alpha.1

packages:

  /@graphql-tools/merge/8.2.11_graphql@17.0.0-alpha.1:
    resolution: {integrity: sha512-fsjJVdsk9GV1jj1Ed2AKLlHYlsf0ZadTK8X5KxFRE1ZSnKqh56BLVX93JrtOIAnsiHkwOK2TC43HGhApF1swpQ==}
    peerDependencies:
      graphql: ^14.0.0 || ^15.0.0 || ^16.0.0
    dependencies:
      '@graphql-tools/utils': 8.6.10_graphql@17.0.0-alpha.1
      graphql: 17.0.0-alpha.1
      tslib: 2.4.0
    dev: true

  /@graphql-tools/schema/8.3.11_graphql@17.0.0-alpha.1:
    resolution: {integrity: sha512-esMEnbyXbp8B5VEI4o395+x0G7Qmz3JSX5onFBF8HeLYcqWJasY5vBuWkO18VxrZpEnvnryodP6Y00bVag9O3Q==}
    peerDependencies:
      graphql: ^14.0.0 || ^15.0.0 || ^16.0.0
    dependencies:
      '@graphql-tools/merge': 8.2.11_graphql@17.0.0-alpha.1
      '@graphql-tools/utils': 8.6.10_graphql@17.0.0-alpha.1
      graphql: 17.0.0-alpha.1
      tslib: 2.4.0
      value-or-promise: 1.0.11
    dev: true

  /@graphql-tools/utils/8.6.10_graphql@17.0.0-alpha.1:
    resolution: {integrity: sha512-bJH9qwuyM3BP0PTU6/lvBDkk6jdEIOn+dbyk4pHMVNnvbJ1gZQwo62To8SHxxaUTus8OMhhVPSh9ApWXREURcg==}
    peerDependencies:
      graphql: ^14.0.0 || ^15.0.0 || ^16.0.0
    dependencies:
      graphql: 17.0.0-alpha.1
      tslib: 2.4.0
    dev: true

  /graphql/17.0.0-alpha.1:
    resolution: {integrity: sha512-D59afb/GOC2ie47EONn574mVU5mjUPOyplPGME5US0rZBEIPLbzFdp8OBWX6uo9PqySDMnEjYp0OtfKjk0wjig==}
    engines: {node: ^14.19.0 || ^16.10.0 || >=18.0.0}
    dev: true

  /tslib/2.4.0:
    resolution: {integrity: sha512-d6xOpEDfsi2CZVlPQzGeux8XMwLT9hssAsaPYExaQMuYskwb+x1x7J371tWlbBdWHroy99KnVB6qIkUbs5X3UQ==}
    dev: true

  /value-or-promise/1.0.11:
    resolution: {integrity: sha512-41BrgH+dIbCFXClcSapVs5M6GkENd3gQOJpEfPDNa71LsUGMXDL0jMWpI/Rh7WhX+Aalfz2TTS3Zt5pUsbnhLg==}
    engines: {node: '>=12'}
    dev: true
